{
  "name": "cc2145a2fe1558fa",
  "lockfileVersion": 3,
  "requires": true,
  "packages": {
    "": {
      "dependencies": {
        "create-next-app": "^16.3.4"
      }
    },
    "node_modules/create-next-app": {
      "version": "16.3.4",
      "resolved": "https://registry.npmjs.org/create-next-app/-/create-next-app-16.3.4.tgz",
      "integrity": "sha512-8i/tg+CwW/Tt0Fmt+5QYolCf4IzngPv8OXry1b7CTjxgsHCksm3q9a3QR/L2Hlzr9zTKTBRlhgdSLMMwDUxu/Q==",
      "license": "MIT",
      "bin": {
        "create-next-app": "dist/index.js"
      },
      "engines": {
        "node": ">=20.9.0"
      }
    }
  }
}
